
Microsoft Visual Studio Solution File, Format Version 12.00
# Visual Studio Version 17
VisualStudioVersion = 17.0.31903.59
MinimumVisualStudioVersion = 10.0.40219.1
Project("{9A19103F-16F7-4668-BE54-9A1E7A4F7556}") = "Data", "Data\Data.csproj", "{40059DED-01C6-4464-B6EB-37CDA157204B}"
EndProject
Project("{9A19103F-16F7-4668-BE54-9A1E7A4F7556}") = "TestProjectA", "TestProjectA\TestProjectA.csproj", "{D86F2694-6F65-41A2-8F01-5ECB10250B4F}"
EndProject
Project("{9A19103F-16F7-4668-BE54-9A1E7A4F7556}") = "TestProjectB", "TestProjectB\TestProjectB.csproj", "{02B1213A-724A-4D01-88C6-E141819FB0BB}"
EndProject
Project("{9A19103F-16F7-4668-BE54-9A1E7A4F7556}") = "TestCommon", "TestCommon\TestCommon.csproj", "{F729B6CC-AE72-47D6-8BA8-D540BB6AD3B8}"
EndProject
Global
	GlobalSection(SolutionConfigurationPlatforms) = preSolution
		Debug|Any CPU = Debug|Any CPU
		Release|Any CPU = Release|Any CPU
	EndGlobalSection
	GlobalSection(ProjectConfigurationPlatforms) = postSolution
		{40059DED-01C6-4464-B6EB-37CDA157204B}.Debug|Any CPU.ActiveCfg = Debug|Any CPU
		{40059DED-01C6-4464-B6EB-37CDA157204B}.Debug|Any CPU.Build.0 = Debug|Any CPU
		{40059DED-01C6-4464-B6EB-37CDA157204B}.Release|Any CPU.ActiveCfg = Release|Any CPU
		{40059DED-01C6-4464-B6EB-37CDA157204B}.Release|Any CPU.Build.0 = Release|Any CPU
		{D86F2694-6F65-41A2-8F01-5ECB10250B4F}.Debug|Any CPU.ActiveCfg = Debug|Any CPU
		{D86F2694-6F65-41A2-8F01-5ECB10250B4F}.Debug|Any CPU.Build.0 = Debug|Any CPU
		{D86F2694-6F65-41A2-8F01-5ECB10250B4F}.Release|Any CPU.ActiveCfg = Release|Any CPU
		{D86F2694-6F65-41A2-8F01-5ECB10250B4F}.Release|Any CPU.Build.0 = Release|Any CPU
		{02B1213A-724A-4D01-88C6-E141819FB0BB}.Debug|Any CPU.ActiveCfg = Debug|Any CPU
		{02B1213A-724A-4D01-88C6-E141819FB0BB}.Debug|Any CPU.Build.0 = Debug|Any CPU
		{02B1213A-724A-4D01-88C6-E141819FB0BB}.Release|Any CPU.ActiveCfg = Release|Any CPU
		{02B1213A-724A-4D01-88C6-E141819FB0BB}.Release|Any CPU.Build.0 = Release|Any CPU
		{F729B6CC-AE72-47D6-8BA8-D540BB6AD3B8}.Debug|Any CPU.ActiveCfg = Debug|Any CPU
		{F729B6CC-AE72-47D6-8BA8-D540BB6AD3B8}.Debug|Any CPU.Build.0 = Debug|Any CPU
		{F729B6CC-AE72-47D6-8BA8-D540BB6AD3B8}.Release|Any CPU.ActiveCfg = Release|Any CPU
		{F729B6CC-AE72-47D6-8BA8-D540BB6AD3B8}.Release|Any CPU.Build.0 = Release|Any CPU
	EndGlobalSection
	GlobalSection(SolutionProperties) = preSolution
		HideSolutionNode = FALSE
	EndGlobalSection
EndGlobal
